
Microsoft Visual Studio Solution File, Format Version 12.00
# Visual Studio Version 17
VisualStudioVersion = 17.11.35222.181
MinimumVisualStudioVersion = 10.0.40219.1
Project("{9A19103F-16F7-4668-BE54-9A1E7A4F7556}") = "FoodFast", "FoodFast\FoodFast.csproj", "{37772C48-5A69-421D-B455-62FB647750F9}"
EndProject
Project("{9A19103F-16F7-4668-BE54-9A1E7A4F7556}") = "FoodFast.BLL", "FoodFast.BLL\FoodFast.BLL.csproj", "{F24F27E4-8BF4-401B-9B7A-C56A40ACFCA6}"
EndProject
Project("{FAE04EC0-301F-11D3-BF4B-00C04F79EFBC}") = "FoodFast.DAL", "FoodFast.DAL\FoodFast.DAL.csproj", "{965071B4-6DE0-4B3D-9D95-B25C21DFA51B}"
EndProject
Global
	GlobalSection(SolutionConfigurationPlatforms) = preSolution
		Debug|Any CPU = Debug|Any CPU
		Release|Any CPU = Release|Any CPU
	EndGlobalSection
	GlobalSection(ProjectConfigurationPlatforms) = postSolution
		{37772C48-5A69-421D-B455-62FB647750F9}.Debug|Any CPU.ActiveCfg = Debug|Any CPU
		{37772C48-5A69-421D-B455-62FB647750F9}.Debug|Any CPU.Build.0 = Debug|Any CPU
		{37772C48-5A69-421D-B455-62FB647750F9}.Release|Any CPU.ActiveCfg = Release|Any CPU
		{37772C48-5A69-421D-B455-62FB647750F9}.Release|Any CPU.Build.0 = Release|Any CPU
		{F24F27E4-8BF4-401B-9B7A-C56A40ACFCA6}.Debug|Any CPU.ActiveCfg = Debug|Any CPU
		{F24F27E4-8BF4-401B-9B7A-C56A40ACFCA6}.Debug|Any CPU.Build.0 = Debug|Any CPU
		{F24F27E4-8BF4-401B-9B7A-C56A40ACFCA6}.Release|Any CPU.ActiveCfg = Release|Any CPU
		{F24F27E4-8BF4-401B-9B7A-C56A40ACFCA6}.Release|Any CPU.Build.0 = Release|Any CPU
		{965071B4-6DE0-4B3D-9D95-B25C21DFA51B}.Debug|Any CPU.ActiveCfg = Debug|Any CPU
		{965071B4-6DE0-4B3D-9D95-B25C21DFA51B}.Debug|Any CPU.Build.0 = Debug|Any CPU
		{965071B4-6DE0-4B3D-9D95-B25C21DFA51B}.Release|Any CPU.ActiveCfg = Release|Any CPU
		{965071B4-6DE0-4B3D-9D95-B25C21DFA51B}.Release|Any CPU.Build.0 = Release|Any CPU
	EndGlobalSection
	GlobalSection(SolutionProperties) = preSolution
		HideSolutionNode = FALSE
	EndGlobalSection
	GlobalSection(ExtensibilityGlobals) = postSolution
		SolutionGuid = {EE393513-B67E-48E1-AC32-3380235855B4}
	EndGlobalSection
EndGlobal
